
Microsoft Visual Studio Solution File, Format Version 12.00
# Visual Studio Version 16
VisualStudioVersion = 16.0.29503.13
MinimumVisualStudioVersion = 10.0.40219.1
Project("{FAE04EC0-301F-11D3-BF4B-00C04F79EFBC}") = "classes", "classes.csproj", "{147EB2D4-0DEE-426A-BDED-1AD158BFA7C8}"
EndProject
Global
	GlobalSection(SolutionConfigurationPlatforms) = preSolution
		Debug|Any CPU = Debug|Any CPU
		Release|Any CPU = Release|Any CPU
	EndGlobalSection
	GlobalSection(ProjectConfigurationPlatforms) = postSolution
		{147EB2D4-0DEE-426A-BDED-1AD158BFA7C8}.Debug|Any CPU.ActiveCfg = Debug|Any CPU
		{147EB2D4-0DEE-426A-BDED-1AD158BFA7C8}.Debug|Any CPU.Build.0 = Debug|Any CPU
		{147EB2D4-0DEE-426A-BDED-1AD158BFA7C8}.Release|Any CPU.ActiveCfg = Release|Any CPU
		{147EB2D4-0DEE-426A-BDED-1AD158BFA7C8}.Release|Any CPU.Build.0 = Release|Any CPU
	EndGlobalSection
	GlobalSection(SolutionProperties) = preSolution
		HideSolutionNode = FALSE
	EndGlobalSection
	GlobalSection(ExtensibilityGlobals) = postSolution
		SolutionGuid = {2E84C3A4-7EC8-43B0-9D78-A20E24BB783C}
	EndGlobalSection
EndGlobal
